
Microsoft Visual Studio Solution File, Format Version 12.00
# Visual Studio Version 17
VisualStudioVersion = 17.1.32228.430
MinimumVisualStudioVersion = 10.0.40219.1
Project("{FAE04EC0-301F-11D3-BF4B-00C04F79EFBC}") = "Threadstart handson", "Threadstart handson\Threadstart handson.csproj", "{293D358E-400A-4DD9-931F-B05E7DE61EBE}"
EndProject
Global
	GlobalSection(SolutionConfigurationPlatforms) = preSolution
		Debug|Any CPU = Debug|Any CPU
		Release|Any CPU = Release|Any CPU
	EndGlobalSection
	GlobalSection(ProjectConfigurationPlatforms) = postSolution
		{293D358E-400A-4DD9-931F-B05E7DE61EBE}.Debug|Any CPU.ActiveCfg = Debug|Any CPU
		{293D358E-400A-4DD9-931F-B05E7DE61EBE}.Debug|Any CPU.Build.0 = Debug|Any CPU
		{293D358E-400A-4DD9-931F-B05E7DE61EBE}.Release|Any CPU.ActiveCfg = Release|Any CPU
		{293D358E-400A-4DD9-931F-B05E7DE61EBE}.Release|Any CPU.Build.0 = Release|Any CPU
	EndGlobalSection
	GlobalSection(SolutionProperties) = preSolution
		HideSolutionNode = FALSE
	EndGlobalSection
	GlobalSection(ExtensibilityGlobals) = postSolution
		SolutionGuid = {FDA1C249-EBA5-4745-AE8F-1F3D4FEA4344}
	EndGlobalSection
EndGlobal
