
Microsoft Visual Studio Solution File, Format Version 12.00
# Visual Studio Version 17
VisualStudioVersion = 17.1.32228.430
MinimumVisualStudioVersion = 10.0.40219.1
Project("{FAE04EC0-301F-11D3-BF4B-00C04F79EFBC}") = "Codebase test1", "Codebase test1\Codebase test1.csproj", "{027E1EDD-19D4-41AA-9C15-ADA2E92617CF}"
EndProject
Global
	GlobalSection(SolutionConfigurationPlatforms) = preSolution
		Debug|Any CPU = Debug|Any CPU
		Release|Any CPU = Release|Any CPU
	EndGlobalSection
	GlobalSection(ProjectConfigurationPlatforms) = postSolution
		{027E1EDD-19D4-41AA-9C15-ADA2E92617CF}.Debug|Any CPU.ActiveCfg = Debug|Any CPU
		{027E1EDD-19D4-41AA-9C15-ADA2E92617CF}.Debug|Any CPU.Build.0 = Debug|Any CPU
		{027E1EDD-19D4-41AA-9C15-ADA2E92617CF}.Release|Any CPU.ActiveCfg = Release|Any CPU
		{027E1EDD-19D4-41AA-9C15-ADA2E92617CF}.Release|Any CPU.Build.0 = Release|Any CPU
	EndGlobalSection
	GlobalSection(SolutionProperties) = preSolution
		HideSolutionNode = FALSE
	EndGlobalSection
	GlobalSection(ExtensibilityGlobals) = postSolution
		SolutionGuid = {A3906F48-58C2-4197-A7C6-C1774140862A}
	EndGlobalSection
EndGlobal
