
Microsoft Visual Studio Solution File, Format Version 12.00
# Visual Studio Version 17
VisualStudioVersion = 17.1.32228.430
MinimumVisualStudioVersion = 10.0.40219.1
Project("{FAE04EC0-301F-11D3-BF4B-00C04F79EFBC}") = "Autoproperty and enhancements", "Autoproperty and enhancements\Autoproperty and enhancements.csproj", "{5A42977C-68E1-43F5-8FC8-2B00A09430A5}"
EndProject
Global
	GlobalSection(SolutionConfigurationPlatforms) = preSolution
		Debug|Any CPU = Debug|Any CPU
		Release|Any CPU = Release|Any CPU
	EndGlobalSection
	GlobalSection(ProjectConfigurationPlatforms) = postSolution
		{5A42977C-68E1-43F5-8FC8-2B00A09430A5}.Debug|Any CPU.ActiveCfg = Debug|Any CPU
		{5A42977C-68E1-43F5-8FC8-2B00A09430A5}.Debug|Any CPU.Build.0 = Debug|Any CPU
		{5A42977C-68E1-43F5-8FC8-2B00A09430A5}.Release|Any CPU.ActiveCfg = Release|Any CPU
		{5A42977C-68E1-43F5-8FC8-2B00A09430A5}.Release|Any CPU.Build.0 = Release|Any CPU
	EndGlobalSection
	GlobalSection(SolutionProperties) = preSolution
		HideSolutionNode = FALSE
	EndGlobalSection
	GlobalSection(ExtensibilityGlobals) = postSolution
		SolutionGuid = {CAEEBCAA-6C10-48A6-8E00-E221A568509A}
	EndGlobalSection
EndGlobal
